
Microsoft Visual Studio Solution File, Format Version 12.00
# Visual Studio 2012
Project("{8BC9CEB8-8B4A-11D0-8D11-00A0C91BC942}") = "Adrasteia", "Adrasteia.vcxproj", "{C7A0FDD0-B250-4CC0-951F-C88BE59905B4}"
EndProject
Global
	GlobalSection(SolutionConfigurationPlatforms) = preSolution
		Debug|Win32 = Debug|Win32
		Release|Win32 = Release|Win32
	EndGlobalSection
	GlobalSection(ProjectConfigurationPlatforms) = postSolution
		{C7A0FDD0-B250-4CC0-951F-C88BE59905B4}.Debug|Win32.ActiveCfg = Debug|Win32
		{C7A0FDD0-B250-4CC0-951F-C88BE59905B4}.Debug|Win32.Build.0 = Debug|Win32
		{C7A0FDD0-B250-4CC0-951F-C88BE59905B4}.Release|Win32.ActiveCfg = Release|Win32
		{C7A0FDD0-B250-4CC0-951F-C88BE59905B4}.Release|Win32.Build.0 = Release|Win32
	EndGlobalSection
	GlobalSection(SolutionProperties) = preSolution
		HideSolutionNode = FALSE
	EndGlobalSection
EndGlobal
